{
  "version": 4,
  "terraform_version": "1.3.6",
  "serial": 1718,
  "lineage": "3406e6b9-58ed-acac-2481-00cb926327d4",
  "outputs": {},
  "resources": [
    {
      "mode": "managed",
      "type": "aws_s3_bucket",
      "name": "b",
      "provider": "provider[\"registry.terraform.io/hashicorp/aws\"]",
      "instances": [
        {
          "schema_version": 0,
          "attributes": {
            "acceleration_status": "",
            "acl": "private",
            "arn": "arn:aws:s3:::r2static",
            "bucket": "r2static",
            "bucket_domain_name": "r2static.s3.amazonaws.com",
            "bucket_prefix": null,
            "bucket_regional_domain_name": "r2static.s3.eu-central-1.amazonaws.com",
            "cors_rule": [],
            "force_destroy": false,
            "grant": [],
            "hosted_zone_id": "Z21DNDUVLTQW6Q",
            "id": "r2static",
            "lifecycle_rule": [],
            "logging": [],
            "object_lock_configuration": [],
            "policy": "",
            "region": "eu-central-1",
            "replication_configuration": [],
            "request_payer": "BucketOwner",
            "server_side_encryption_configuration": [],
            "tags": null,
            "tags_all": {},
            "versioning": [
              {
                "enabled": false,
                "mfa_delete": false
              }
            ],
            "website": [],
            "website_domain": null,
            "website_endpoint": null
          },
          "sensitive_attributes": [],
          "private": "bnVsbA=="
        }
      ]
    },
    {
      "mode": "managed",
      "type": "aws_s3_bucket_object",
      "name": "object",
      "provider": "provider[\"registry.terraform.io/hashicorp/aws\"]",
      "instances": [
        {
          "index_key": "images/dummy_icon.png",
          "schema_version": 0,
          "attributes": {
            "acl": "public-read",
            "bucket": "r2static",
            "bucket_key_enabled": false,
            "cache_control": "",
            "content": null,
            "content_base64": null,
            "content_disposition": "",
            "content_encoding": "",
            "content_language": "",
            "content_type": "image/png",
            "etag": "294bf9316727a83cce944279558fc797",
            "force_destroy": false,
            "id": "images/dummy_icon.png",
            "key": "images/dummy_icon.png",
            "kms_key_id": null,
            "metadata": null,
            "object_lock_legal_hold_status": "",
            "object_lock_mode": "",
            "object_lock_retain_until_date": "",
            "server_side_encryption": "",
            "source": "../files/images/dummy_icon.png",
            "source_hash": null,
            "storage_class": "STANDARD",
            "tags": null,
            "tags_all": {},
            "version_id": "",
            "website_redirect": ""
          },
          "sensitive_attributes": [],
          "private": "bnVsbA==",
          "dependencies": [
            "aws_s3_bucket.b"
          ]
        },
        {
          "index_key": "images/icons/models/0fb9a967-7232-4fc1-9cc4-825b3311a078.png",
          "schema_version": 0,
          "attributes": {
            "acl": "public-read",
            "bucket": "r2static",
            "bucket_key_enabled": false,
            "cache_control": "",
            "content": null,
            "content_base64": null,
            "content_disposition": "",
            "content_encoding": "",
            "content_language": "",
            "content_type": "image/png",
            "etag": "b1f08b8dbfacca75bc0d86270b29e8b0",
            "force_destroy": false,
            "id": "images/icons/models/0fb9a967-7232-4fc1-9cc4-825b3311a078.png",
            "key": "images/icons/models/0fb9a967-7232-4fc1-9cc4-825b3311a078.png",
            "kms_key_id": null,
            "metadata": null,
            "object_lock_legal_hold_status": "",
            "object_lock_mode": "",
            "object_lock_retain_until_date": "",
            "server_side_encryption": "",
            "source": "../files/images/icons/models/0fb9a967-7232-4fc1-9cc4-825b3311a078.png",
            "source_hash": null,
            "storage_class": "STANDARD",
            "tags": null,
            "tags_all": {},
            "version_id": "",
            "website_redirect": ""
          },
          "sensitive_attributes": [],
          "private": "bnVsbA==",
          "dependencies": [
            "aws_s3_bucket.b"
          ]
        },
        {
          "index_key": "images/icons/models/12358190-fcff-4b67-bef8-0da08dbae6ad.png",
          "schema_version": 0,
          "attributes": {
            "acl": "public-read",
            "bucket": "r2static",
            "bucket_key_enabled": false,
            "cache_control": "",
            "content": null,
            "content_base64": null,
            "content_disposition": "",
            "content_encoding": "",
            "content_language": "",
            "content_type": "image/png",
            "etag": "12cc18c3d5a0232bba2b3b8707bb2ab2",
            "force_destroy": false,
            "id": "images/icons/models/12358190-fcff-4b67-bef8-0da08dbae6ad.png",
            "key": "images/icons/models/12358190-fcff-4b67-bef8-0da08dbae6ad.png",
            "kms_key_id": null,
            "metadata": null,
            "object_lock_legal_hold_status": "",
            "object_lock_mode": "",
            "object_lock_retain_until_date": "",
            "server_side_encryption": "",
            "source": "../files/images/icons/models/12358190-fcff-4b67-bef8-0da08dbae6ad.png",
            "source_hash": null,
            "storage_class": "STANDARD",
            "tags": null,
            "tags_all": {},
            "version_id": "",
            "website_redirect": ""
          },
          "sensitive_attributes": [],
          "private": "bnVsbA==",
          "dependencies": [
            "aws_s3_bucket.b"
          ]
        },
        {
          "index_key": "images/icons/models/273b29da-7b21-42b1-a2a1-984b12bc4e66.png",
          "schema_version": 0,
          "attributes": {
            "acl": "public-read",
            "bucket": "r2static",
            "bucket_key_enabled": false,
            "cache_control": "",
            "content": null,
            "content_base64": null,
            "content_disposition": "",
            "content_encoding": "",
            "content_language": "",
            "content_type": "image/png",
            "etag": "b9d78f7706e27263cda8c137058cfd64",
            "force_destroy": false,
            "id": "images/icons/models/273b29da-7b21-42b1-a2a1-984b12bc4e66.png",
            "key": "images/icons/models/273b29da-7b21-42b1-a2a1-984b12bc4e66.png",
            "kms_key_id": null,
            "metadata": null,
            "object_lock_legal_hold_status": "",
            "object_lock_mode": "",
            "object_lock_retain_until_date": "",
            "server_side_encryption": "",
            "source": "../files/images/icons/models/273b29da-7b21-42b1-a2a1-984b12bc4e66.png",
            "source_hash": null,
            "storage_class": "STANDARD",
            "tags": null,
            "tags_all": {},
            "version_id": "",
            "website_redirect": ""
          },
          "sensitive_attributes": [],
          "private": "bnVsbA==",
          "dependencies": [
            "aws_s3_bucket.b"
          ]
        },
        {
          "index_key": "images/icons/models/286d8c44-c3d3-4ad3-98d6-5ee2c14661f5.png",
          "schema_version": 0,
          "attributes": {
            "acl": "public-read",
            "bucket": "r2static",
            "bucket_key_enabled": false,
            "cache_control": "",
            "content": null,
            "content_base64": null,
            "content_disposition": "",
            "content_encoding": "",
            "content_language": "",
            "content_type": "image/png",
            "etag": "846f6f0e058a6db29c019c47fe9df597",
            "force_destroy": false,
            "id": "images/icons/models/286d8c44-c3d3-4ad3-98d6-5ee2c14661f5.png",
            "key": "images/icons/models/286d8c44-c3d3-4ad3-98d6-5ee2c14661f5.png",
            "kms_key_id": null,
            "metadata": null,
            "object_lock_legal_hold_status": "",
            "object_lock_mode": "",
            "object_lock_retain_until_date": "",
            "server_side_encryption": "",
            "source": "../files/images/icons/models/286d8c44-c3d3-4ad3-98d6-5ee2c14661f5.png",
            "source_hash": null,
            "storage_class": "STANDARD",
            "tags": null,
            "tags_all": {},
            "version_id": "",
            "website_redirect": ""
          },
          "sensitive_attributes": [],
          "private": "bnVsbA==",
          "dependencies": [
            "aws_s3_bucket.b"
          ]
        },
        {
          "index_key": "images/icons/models/2cb1de55-6fe8-49c5-ac67-2e387fee7753.png",
          "schema_version": 0,
          "attributes": {
            "acl": "public-read",
            "bucket": "r2static",
            "bucket_key_enabled": false,
            "cache_control": "",
            "content": null,
            "content_base64": null,
            "content_disposition": "",
            "content_encoding": "",
            "content_language": "",
            "content_type": "image/png",
            "etag": "b9d78f7706e27263cda8c137058cfd64",
            "force_destroy": false,
            "id": "images/icons/models/2cb1de55-6fe8-49c5-ac67-2e387fee7753.png",
            "key": "images/icons/models/2cb1de55-6fe8-49c5-ac67-2e387fee7753.png",
            "kms_key_id": null,
            "metadata": null,
            "object_lock_legal_hold_status": "",
            "object_lock_mode": "",
            "object_lock_retain_until_date": "",
            "server_side_encryption": "",
            "source": "../files/images/icons/models/2cb1de55-6fe8-49c5-ac67-2e387fee7753.png",
            "source_hash": null,
            "storage_class": "STANDARD",
            "tags": null,
            "tags_all": {},
            "version_id": "",
            "website_redirect": ""
          },
          "sensitive_attributes": [],
          "private": "bnVsbA==",
          "dependencies": [
            "aws_s3_bucket.b"
          ]
        },
        {
          "index_key": "images/icons/models/311f39c5-f823-471d-8be0-9df597f69405.png",
          "schema_version": 0,
          "attributes": {
            "acl": "public-read",
            "bucket": "r2static",
            "bucket_key_enabled": false,
            "cache_control": "",
            "content": null,
            "content_base64": null,
            "content_disposition": "",
            "content_encoding": "",
            "content_language": "",
            "content_type": "image/png",
            "etag": "113c7b9a69983b39839dc80f41a73690",
            "force_destroy": false,
            "id": "images/icons/models/311f39c5-f823-471d-8be0-9df597f69405.png",
            "key": "images/icons/models/311f39c5-f823-471d-8be0-9df597f69405.png",
            "kms_key_id": null,
            "metadata": null,
            "object_lock_legal_hold_status": "",
            "object_lock_mode": "",
            "object_lock_retain_until_date": "",
            "server_side_encryption": "",
            "source": "../files/images/icons/models/311f39c5-f823-471d-8be0-9df597f69405.png",
            "source_hash": null,
            "storage_class": "STANDARD",
            "tags": null,
            "tags_all": {},
            "version_id": "",
            "website_redirect": ""
          },
          "sensitive_attributes": [],
          "private": "bnVsbA==",
          "dependencies": [
            "aws_s3_bucket.b"
          ]
        },
        {
          "index_key": "images/icons/models/64da0876-3f79-49bd-8e61-61b7e95eba3c.png",
          "schema_version": 0,
          "attributes": {
            "acl": "public-read",
            "bucket": "r2static",
            "bucket_key_enabled": false,
            "cache_control": "",
            "content": null,
            "content_base64": null,
            "content_disposition": "",
            "content_encoding": "",
            "content_language": "",
            "content_type": "image/png",
            "etag": "b1f08b8dbfacca75bc0d86270b29e8b0",
            "force_destroy": false,
            "id": "images/icons/models/64da0876-3f79-49bd-8e61-61b7e95eba3c.png",
            "key": "images/icons/models/64da0876-3f79-49bd-8e61-61b7e95eba3c.png",
            "kms_key_id": null,
            "metadata": null,
            "object_lock_legal_hold_status": "",
            "object_lock_mode": "",
            "object_lock_retain_until_date": "",
            "server_side_encryption": "",
            "source": "../files/images/icons/models/64da0876-3f79-49bd-8e61-61b7e95eba3c.png",
            "source_hash": null,
            "storage_class": "STANDARD",
            "tags": null,
            "tags_all": {},
            "version_id": "",
            "website_redirect": ""
          },
          "sensitive_attributes": [],
          "private": "bnVsbA==",
          "dependencies": [
            "aws_s3_bucket.b"
          ]
        },
        {
          "index_key": "images/icons/models/701.png",
          "schema_version": 0,
          "attributes": {
            "acl": "public-read",
            "bucket": "r2static",
            "bucket_key_enabled": false,
            "cache_control": "",
            "content": null,
            "content_base64": null,
            "content_disposition": "",
            "content_encoding": "",
            "content_language": "",
            "content_type": "image/png",
            "etag": "6d82ef07cdb4074b133c7a522b23aae8",
            "force_destroy": false,
            "id": "images/icons/models/701.png",
            "key": "images/icons/models/701.png",
            "kms_key_id": null,
            "metadata": null,
            "object_lock_legal_hold_status": "",
            "object_lock_mode": "",
            "object_lock_retain_until_date": "",
            "server_side_encryption": "",
            "source": "../files/images/icons/models/701.png",
            "source_hash": null,
            "storage_class": "STANDARD",
            "tags": null,
            "tags_all": {},
            "version_id": "",
            "website_redirect": ""
          },
          "sensitive_attributes": [],
          "private": "bnVsbA==",
          "dependencies": [
            "aws_s3_bucket.b"
          ]
        },
        {
          "index_key": "images/icons/models/730.png",
          "schema_version": 0,
          "attributes": {
            "acl": "public-read",
            "bucket": "r2static",
            "bucket_key_enabled": false,
            "cache_control": "",
            "content": null,
            "content_base64": null,
            "content_disposition": "",
            "content_encoding": "",
            "content_language": "",
            "content_type": "image/png",
            "etag": "073521ac6f6c624ba2ab6160b4d181bc",
            "force_destroy": false,
            "id": "images/icons/models/730.png",
            "key": "images/icons/models/730.png",
            "kms_key_id": null,
            "metadata": null,
            "object_lock_legal_hold_status": "",
            "object_lock_mode": "",
            "object_lock_retain_until_date": "",
            "server_side_encryption": "",
            "source": "../files/images/icons/models/730.png",
            "source_hash": null,
            "storage_class": "STANDARD",
            "tags": null,
            "tags_all": {},
            "version_id": "",
            "website_redirect": ""
          },
          "sensitive_attributes": [],
          "private": "bnVsbA==",
          "dependencies": [
            "aws_s3_bucket.b"
          ]
        },
        {
          "index_key": "images/icons/models/733.png",
          "schema_version": 0,
          "attributes": {
            "acl": "public-read",
            "bucket": "r2static",
            "bucket_key_enabled": false,
            "cache_control": "",
            "content": null,
            "content_base64": null,
            "content_disposition": "",
            "content_encoding": "",
            "content_language": "",
            "content_type": "image/png",
            "etag": "294bf9316727a83cce944279558fc797",
            "force_destroy": false,
            "id": "images/icons/models/733.png",
            "key": "images/icons/models/733.png",
            "kms_key_id": null,
            "metadata": null,
            "object_lock_legal_hold_status": "",
            "object_lock_mode": "",
            "object_lock_retain_until_date": "",
            "server_side_encryption": "",
            "source": "../files/images/icons/models/733.png",
            "source_hash": null,
            "storage_class": "STANDARD",
            "tags": null,
            "tags_all": {},
            "version_id": "",
            "website_redirect": ""
          },
          "sensitive_attributes": [],
          "private": "bnVsbA==",
          "dependencies": [
            "aws_s3_bucket.b"
          ]
        },
        {
          "index_key": "images/icons/models/738.png",
          "schema_version": 0,
          "attributes": {
            "acl": "public-read",
            "bucket": "r2static",
            "bucket_key_enabled": false,
            "cache_control": "",
            "content": null,
            "content_base64": null,
            "content_disposition": "",
            "content_encoding": "",
            "content_language": "",
            "content_type": "image/png",
            "etag": "294bf9316727a83cce944279558fc797",
            "force_destroy": false,
            "id": "images/icons/models/738.png",
            "key": "images/icons/models/738.png",
            "kms_key_id": null,
            "metadata": null,
            "object_lock_legal_hold_status": "",
            "object_lock_mode": "",
            "object_lock_retain_until_date": "",
            "server_side_encryption": "",
            "source": "../files/images/icons/models/738.png",
            "source_hash": null,
            "storage_class": "STANDARD",
            "tags": null,
            "tags_all": {},
            "version_id": "",
            "website_redirect": ""
          },
          "sensitive_attributes": [],
          "private": "bnVsbA==",
          "dependencies": [
            "aws_s3_bucket.b"
          ]
        },
        {
          "index_key": "images/icons/models/739.png",
          "schema_version": 0,
          "attributes": {
            "acl": "public-read",
            "bucket": "r2static",
            "bucket_key_enabled": false,
            "cache_control": "",
            "content": null,
            "content_base64": null,
            "content_disposition": "",
            "content_encoding": "",
            "content_language": "",
            "content_type": "image/png",
            "etag": "294bf9316727a83cce944279558fc797",
            "force_destroy": false,
            "id": "images/icons/models/739.png",
            "key": "images/icons/models/739.png",
            "kms_key_id": null,
            "metadata": null,
            "object_lock_legal_hold_status": "",
            "object_lock_mode": "",
            "object_lock_retain_until_date": "",
            "server_side_encryption": "",
            "source": "../files/images/icons/models/739.png",
            "source_hash": null,
            "storage_class": "STANDARD",
            "tags": null,
            "tags_all": {},
            "version_id": "",
            "website_redirect": ""
          },
          "sensitive_attributes": [],
          "private": "bnVsbA==",
          "dependencies": [
            "aws_s3_bucket.b"
          ]
        },
        {
          "index_key": "images/icons/models/741.png",
          "schema_version": 0,
          "attributes": {
            "acl": "public-read",
            "bucket": "r2static",
            "bucket_key_enabled": false,
            "cache_control": "",
            "content": null,
            "content_base64": null,
            "content_disposition": "",
            "content_encoding": "",
            "content_language": "",
            "content_type": "image/png",
            "etag": "4852a491a33a758d5fb20dd43c129826",
            "force_destroy": false,
            "id": "images/icons/models/741.png",
            "key": "images/icons/models/741.png",
            "kms_key_id": null,
            "metadata": null,
            "object_lock_legal_hold_status": "",
            "object_lock_mode": "",
            "object_lock_retain_until_date": "",
            "server_side_encryption": "",
            "source": "../files/images/icons/models/741.png",
            "source_hash": null,
            "storage_class": "STANDARD",
            "tags": null,
            "tags_all": {},
            "version_id": "",
            "website_redirect": ""
          },
          "sensitive_attributes": [],
          "private": "bnVsbA==",
          "dependencies": [
            "aws_s3_bucket.b"
          ]
        },
        {
          "index_key": "images/icons/models/742.png",
          "schema_version": 0,
          "attributes": {
            "acl": "public-read",
            "bucket": "r2static",
            "bucket_key_enabled": false,
            "cache_control": "",
            "content": null,
            "content_base64": null,
            "content_disposition": "",
            "content_encoding": "",
            "content_language": "",
            "content_type": "image/png",
            "etag": "6d82ef07cdb4074b133c7a522b23aae8",
            "force_destroy": false,
            "id": "images/icons/models/742.png",
            "key": "images/icons/models/742.png",
            "kms_key_id": null,
            "metadata": null,
            "object_lock_legal_hold_status": "",
            "object_lock_mode": "",
            "object_lock_retain_until_date": "",
            "server_side_encryption": "",
            "source": "../files/images/icons/models/742.png",
            "source_hash": null,
            "storage_class": "STANDARD",
            "tags": null,
            "tags_all": {},
            "version_id": "",
            "website_redirect": ""
          },
          "sensitive_attributes": [],
          "private": "bnVsbA==",
          "dependencies": [
            "aws_s3_bucket.b"
          ]
        },
        {
          "index_key": "images/icons/models/743.png",
          "schema_version": 0,
          "attributes": {
            "acl": "public-read",
            "bucket": "r2static",
            "bucket_key_enabled": false,
            "cache_control": "",
            "content": null,
            "content_base64": null,
            "content_disposition": "",
            "content_encoding": "",
            "content_language": "",
            "content_type": "image/png",
            "etag": "4852a491a33a758d5fb20dd43c129826",
            "force_destroy": false,
            "id": "images/icons/models/743.png",
            "key": "images/icons/models/743.png",
            "kms_key_id": null,
            "metadata": null,
            "object_lock_legal_hold_status": "",
            "object_lock_mode": "",
            "object_lock_retain_until_date": "",
            "server_side_encryption": "",
            "source": "../files/images/icons/models/743.png",
            "source_hash": null,
            "storage_class": "STANDARD",
            "tags": null,
            "tags_all": {},
            "version_id": "",
            "website_redirect": ""
          },
          "sensitive_attributes": [],
          "private": "bnVsbA==",
          "dependencies": [
            "aws_s3_bucket.b"
          ]
        },
        {
          "index_key": "images/icons/models/744.png",
          "schema_version": 0,
          "attributes": {
            "acl": "public-read",
            "bucket": "r2static",
            "bucket_key_enabled": false,
            "cache_control": "",
            "content": null,
            "content_base64": null,
            "content_disposition": "",
            "content_encoding": "",
            "content_language": "",
            "content_type": "image/png",
            "etag": "4852a491a33a758d5fb20dd43c129826",
            "force_destroy": false,
            "id": "images/icons/models/744.png",
            "key": "images/icons/models/744.png",
            "kms_key_id": null,
            "metadata": null,
            "object_lock_legal_hold_status": "",
            "object_lock_mode": "",
            "object_lock_retain_until_date": "",
            "server_side_encryption": "",
            "source": "../files/images/icons/models/744.png",
            "source_hash": null,
            "storage_class": "STANDARD",
            "tags": null,
            "tags_all": {},
            "version_id": "",
            "website_redirect": ""
          },
          "sensitive_attributes": [],
          "private": "bnVsbA==",
          "dependencies": [
            "aws_s3_bucket.b"
          ]
        },
        {
          "index_key": "images/icons/models/754.png",
          "schema_version": 0,
          "attributes": {
            "acl": "public-read",
            "bucket": "r2static",
            "bucket_key_enabled": false,
            "cache_control": "",
            "content": null,
            "content_base64": null,
            "content_disposition": "",
            "content_encoding": "",
            "content_language": "",
            "content_type": "image/png",
            "etag": "294bf9316727a83cce944279558fc797",
            "force_destroy": false,
            "id": "images/icons/models/754.png",
            "key": "images/icons/models/754.png",
            "kms_key_id": null,
            "metadata": null,
            "object_lock_legal_hold_status": "",
            "object_lock_mode": "",
            "object_lock_retain_until_date": "",
            "server_side_encryption": "",
            "source": "../files/images/icons/models/754.png",
            "source_hash": null,
            "storage_class": "STANDARD",
            "tags": null,
            "tags_all": {},
            "version_id": "",
            "website_redirect": ""
          },
          "sensitive_attributes": [],
          "private": "bnVsbA==",
          "dependencies": [
            "aws_s3_bucket.b"
          ]
        },
        {
          "index_key": "images/icons/models/755.png",
          "schema_version": 0,
          "attributes": {
            "acl": "public-read",
            "bucket": "r2static",
            "bucket_key_enabled": false,
            "cache_control": "",
            "content": null,
            "content_base64": null,
            "content_disposition": "",
            "content_encoding": "",
            "content_language": "",
            "content_type": "image/png",
            "etag": "4852a491a33a758d5fb20dd43c129826",
            "force_destroy": false,
            "id": "images/icons/models/755.png",
            "key": "images/icons/models/755.png",
            "kms_key_id": null,
            "metadata": null,
            "object_lock_legal_hold_status": "",
            "object_lock_mode": "",
            "object_lock_retain_until_date": "",
            "server_side_encryption": "",
            "source": "../files/images/icons/models/755.png",
            "source_hash": null,
            "storage_class": "STANDARD",
            "tags": null,
            "tags_all": {},
            "version_id": "",
            "website_redirect": ""
          },
          "sensitive_attributes": [],
          "private": "bnVsbA==",
          "dependencies": [
            "aws_s3_bucket.b"
          ]
        },
        {
          "index_key": "images/icons/models/794.png",
          "schema_version": 0,
          "attributes": {
            "acl": "public-read",
            "bucket": "r2static",
            "bucket_key_enabled": false,
            "cache_control": "",
            "content": null,
            "content_base64": null,
            "content_disposition": "",
            "content_encoding": "",
            "content_language": "",
            "content_type": "image/png",
            "etag": "294bf9316727a83cce944279558fc797",
            "force_destroy": false,
            "id": "images/icons/models/794.png",
            "key": "images/icons/models/794.png",
            "kms_key_id": null,
            "metadata": null,
            "object_lock_legal_hold_status": "",
            "object_lock_mode": "",
            "object_lock_retain_until_date": "",
            "server_side_encryption": "",
            "source": "../files/images/icons/models/794.png",
            "source_hash": null,
            "storage_class": "STANDARD",
            "tags": null,
            "tags_all": {},
            "version_id": "",
            "website_redirect": ""
          },
          "sensitive_attributes": [],
          "private": "bnVsbA==",
          "dependencies": [
            "aws_s3_bucket.b"
          ]
        },
        {
          "index_key": "images/icons/models/858.png",
          "schema_version": 0,
          "attributes": {
            "acl": "public-read",
            "bucket": "r2static",
            "bucket_key_enabled": false,
            "cache_control": "",
            "content": null,
            "content_base64": null,
            "content_disposition": "",
            "content_encoding": "",
            "content_language": "",
            "content_type": "image/png",
            "etag": "6d82ef07cdb4074b133c7a522b23aae8",
            "force_destroy": false,
            "id": "images/icons/models/858.png",
            "key": "images/icons/models/858.png",
            "kms_key_id": null,
            "metadata": null,
            "object_lock_legal_hold_status": "",
            "object_lock_mode": "",
            "object_lock_retain_until_date": "",
            "server_side_encryption": "",
            "source": "../files/images/icons/models/858.png",
            "source_hash": null,
            "storage_class": "STANDARD",
            "tags": null,
            "tags_all": {},
            "version_id": "",
            "website_redirect": ""
          },
          "sensitive_attributes": [],
          "private": "bnVsbA==",
          "dependencies": [
            "aws_s3_bucket.b"
          ]
        },
        {
          "index_key": "images/icons/models/8f2c6652-96f8-4db8-8852-3af10f04ae06.png",
          "schema_version": 0,
          "attributes": {
            "acl": "public-read",
            "bucket": "r2static",
            "bucket_key_enabled": false,
            "cache_control": "",
            "content": null,
            "content_base64": null,
            "content_disposition": "",
            "content_encoding": "",
            "content_language": "",
            "content_type": "image/png",
            "etag": "0571f5b3b2ea6ce3ac5eeca45b7aada9",
            "force_destroy": false,
            "id": "images/icons/models/8f2c6652-96f8-4db8-8852-3af10f04ae06.png",
            "key": "images/icons/models/8f2c6652-96f8-4db8-8852-3af10f04ae06.png",
            "kms_key_id": null,
            "metadata": null,
            "object_lock_legal_hold_status": "",
            "object_lock_mode": "",
            "object_lock_retain_until_date": "",
            "server_side_encryption": "",
            "source": "../files/images/icons/models/8f2c6652-96f8-4db8-8852-3af10f04ae06.png",
            "source_hash": null,
            "storage_class": "STANDARD",
            "tags": null,
            "tags_all": {},
            "version_id": "",
            "website_redirect": ""
          },
          "sensitive_attributes": [],
          "private": "bnVsbA==",
          "dependencies": [
            "aws_s3_bucket.b"
          ]
        },
        {
          "index_key": "images/icons/models/925.png",
          "schema_version": 0,
          "attributes": {
            "acl": "public-read",
            "bucket": "r2static",
            "bucket_key_enabled": false,
            "cache_control": "",
            "content": null,
            "content_base64": null,
            "content_disposition": "",
            "content_encoding": "",
            "content_language": "",
            "content_type": "image/png",
            "etag": "6d82ef07cdb4074b133c7a522b23aae8",
            "force_destroy": false,
            "id": "images/icons/models/925.png",
            "key": "images/icons/models/925.png",
            "kms_key_id": null,
            "metadata": null,
            "object_lock_legal_hold_status": "",
            "object_lock_mode": "",
            "object_lock_retain_until_date": "",
            "server_side_encryption": "",
            "source": "../files/images/icons/models/925.png",
            "source_hash": null,
            "storage_class": "STANDARD",
            "tags": null,
            "tags_all": {},
            "version_id": "",
            "website_redirect": ""
          },
          "sensitive_attributes": [],
          "private": "bnVsbA==",
          "dependencies": [
            "aws_s3_bucket.b"
          ]
        },
        {
          "index_key": "images/icons/models/943.png",
          "schema_version": 0,
          "attributes": {
            "acl": "public-read",
            "bucket": "r2static",
            "bucket_key_enabled": false,
            "cache_control": "",
            "content": null,
            "content_base64": null,
            "content_disposition": "",
            "content_encoding": "",
            "content_language": "",
            "content_type": "image/png",
            "etag": "6d82ef07cdb4074b133c7a522b23aae8",
            "force_destroy": false,
            "id": "images/icons/models/943.png",
            "key": "images/icons/models/943.png",
            "kms_key_id": null,
            "metadata": null,
            "object_lock_legal_hold_status": "",
            "object_lock_mode": "",
            "object_lock_retain_until_date": "",
            "server_side_encryption": "",
            "source": "../files/images/icons/models/943.png",
            "source_hash": null,
            "storage_class": "STANDARD",
            "tags": null,
            "tags_all": {},
            "version_id": "",
            "website_redirect": ""
          },
          "sensitive_attributes": [],
          "private": "bnVsbA==",
          "dependencies": [
            "aws_s3_bucket.b"
          ]
        },
        {
          "index_key": "images/icons/models/944.png",
          "schema_version": 0,
          "attributes": {
            "acl": "public-read",
            "bucket": "r2static",
            "bucket_key_enabled": false,
            "cache_control": "",
            "content": null,
            "content_base64": null,
            "content_disposition": "",
            "content_encoding": "",
            "content_language": "",
            "content_type": "image/png",
            "etag": "4852a491a33a758d5fb20dd43c129826",
            "force_destroy": false,
            "id": "images/icons/models/944.png",
            "key": "images/icons/models/944.png",
            "kms_key_id": null,
            "metadata": null,
            "object_lock_legal_hold_status": "",
            "object_lock_mode": "",
            "object_lock_retain_until_date": "",
            "server_side_encryption": "",
            "source": "../files/images/icons/models/944.png",
            "source_hash": null,
            "storage_class": "STANDARD",
            "tags": null,
            "tags_all": {},
            "version_id": "",
            "website_redirect": ""
          },
          "sensitive_attributes": [],
          "private": "bnVsbA==",
          "dependencies": [
            "aws_s3_bucket.b"
          ]
        },
        {
          "index_key": "images/icons/models/945.png",
          "schema_version": 0,
          "attributes": {
            "acl": "public-read",
            "bucket": "r2static",
            "bucket_key_enabled": false,
            "cache_control": "",
            "content": null,
            "content_base64": null,
            "content_disposition": "",
            "content_encoding": "",
            "content_language": "",
            "content_type": "image/png",
            "etag": "6d82ef07cdb4074b133c7a522b23aae8",
            "force_destroy": false,
            "id": "images/icons/models/945.png",
            "key": "images/icons/models/945.png",
            "kms_key_id": null,
            "metadata": null,
            "object_lock_legal_hold_status": "",
            "object_lock_mode": "",
            "object_lock_retain_until_date": "",
            "server_side_encryption": "",
            "source": "../files/images/icons/models/945.png",
            "source_hash": null,
            "storage_class": "STANDARD",
            "tags": null,
            "tags_all": {},
            "version_id": "",
            "website_redirect": ""
          },
          "sensitive_attributes": [],
          "private": "bnVsbA==",
          "dependencies": [
            "aws_s3_bucket.b"
          ]
        },
        {
          "index_key": "images/icons/models/956.png",
          "schema_version": 0,
          "attributes": {
            "acl": "public-read",
            "bucket": "r2static",
            "bucket_key_enabled": false,
            "cache_control": "",
            "content": null,
            "content_base64": null,
            "content_disposition": "",
            "content_encoding": "",
            "content_language": "",
            "content_type": "image/png",
            "etag": "6d82ef07cdb4074b133c7a522b23aae8",
            "force_destroy": false,
            "id": "images/icons/models/956.png",
            "key": "images/icons/models/956.png",
            "kms_key_id": null,
            "metadata": null,
            "object_lock_legal_hold_status": "",
            "object_lock_mode": "",
            "object_lock_retain_until_date": "",
            "server_side_encryption": "",
            "source": "../files/images/icons/models/956.png",
            "source_hash": null,
            "storage_class": "STANDARD",
            "tags": null,
            "tags_all": {},
            "version_id": "",
            "website_redirect": ""
          },
          "sensitive_attributes": [],
          "private": "bnVsbA==",
          "dependencies": [
            "aws_s3_bucket.b"
          ]
        },
        {
          "index_key": "images/icons/models/957.png",
          "schema_version": 0,
          "attributes": {
            "acl": "public-read",
            "bucket": "r2static",
            "bucket_key_enabled": false,
            "cache_control": "",
            "content": null,
            "content_base64": null,
            "content_disposition": "",
            "content_encoding": "",
            "content_language": "",
            "content_type": "image/png",
            "etag": "6d82ef07cdb4074b133c7a522b23aae8",
            "force_destroy": false,
            "id": "images/icons/models/957.png",
            "key": "images/icons/models/957.png",
            "kms_key_id": null,
            "metadata": null,
            "object_lock_legal_hold_status": "",
            "object_lock_mode": "",
            "object_lock_retain_until_date": "",
            "server_side_encryption": "",
            "source": "../files/images/icons/models/957.png",
            "source_hash": null,
            "storage_class": "STANDARD",
            "tags": null,
            "tags_all": {},
            "version_id": "",
            "website_redirect": ""
          },
          "sensitive_attributes": [],
          "private": "bnVsbA==",
          "dependencies": [
            "aws_s3_bucket.b"
          ]
        },
        {
          "index_key": "images/icons/models/975.png",
          "schema_version": 0,
          "attributes": {
            "acl": "public-read",
            "bucket": "r2static",
            "bucket_key_enabled": false,
            "cache_control": "",
            "content": null,
            "content_base64": null,
            "content_disposition": "",
            "content_encoding": "",
            "content_language": "",
            "content_type": "image/png",
            "etag": "b9d78f7706e27263cda8c137058cfd64",
            "force_destroy": false,
            "id": "images/icons/models/975.png",
            "key": "images/icons/models/975.png",
            "kms_key_id": null,
            "metadata": null,
            "object_lock_legal_hold_status": "",
            "object_lock_mode": "",
            "object_lock_retain_until_date": "",
            "server_side_encryption": "",
            "source": "../files/images/icons/models/975.png",
            "source_hash": null,
            "storage_class": "STANDARD",
            "tags": null,
            "tags_all": {},
            "version_id": "",
            "website_redirect": ""
          },
          "sensitive_attributes": [],
          "private": "bnVsbA==",
          "dependencies": [
            "aws_s3_bucket.b"
          ]
        },
        {
          "index_key": "images/icons/models/977.png",
          "schema_version": 0,
          "attributes": {
            "acl": "public-read",
            "bucket": "r2static",
            "bucket_key_enabled": false,
            "cache_control": "",
            "content": null,
            "content_base64": null,
            "content_disposition": "",
            "content_encoding": "",
            "content_language": "",
            "content_type": "image/png",
            "etag": "b9d78f7706e27263cda8c137058cfd64",
            "force_destroy": false,
            "id": "images/icons/models/977.png",
            "key": "images/icons/models/977.png",
            "kms_key_id": null,
            "metadata": null,
            "object_lock_legal_hold_status": "",
            "object_lock_mode": "",
            "object_lock_retain_until_date": "",
            "server_side_encryption": "",
            "source": "../files/images/icons/models/977.png",
            "source_hash": null,
            "storage_class": "STANDARD",
            "tags": null,
            "tags_all": {},
            "version_id": "",
            "website_redirect": ""
          },
          "sensitive_attributes": [],
          "private": "bnVsbA==",
          "dependencies": [
            "aws_s3_bucket.b"
          ]
        },
        {
          "index_key": "images/icons/models/979.png",
          "schema_version": 0,
          "attributes": {
            "acl": "public-read",
            "bucket": "r2static",
            "bucket_key_enabled": false,
            "cache_control": "",
            "content": null,
            "content_base64": null,
            "content_disposition": "",
            "content_encoding": "",
            "content_language": "",
            "content_type": "image/png",
            "etag": "f5df31b5b120e2067e475c6bf9f84efa",
            "force_destroy": false,
            "id": "images/icons/models/979.png",
            "key": "images/icons/models/979.png",
            "kms_key_id": null,
            "metadata": null,
            "object_lock_legal_hold_status": "",
            "object_lock_mode": "",
            "object_lock_retain_until_date": "",
            "server_side_encryption": "",
            "source": "../files/images/icons/models/979.png",
            "source_hash": null,
            "storage_class": "STANDARD",
            "tags": null,
            "tags_all": {},
            "version_id": "",
            "website_redirect": ""
          },
          "sensitive_attributes": [],
          "private": "bnVsbA==",
          "dependencies": [
            "aws_s3_bucket.b"
          ]
        },
        {
          "index_key": "images/icons/models/982.png",
          "schema_version": 0,
          "attributes": {
            "acl": "public-read",
            "bucket": "r2static",
            "bucket_key_enabled": false,
            "cache_control": "",
            "content": null,
            "content_base64": null,
            "content_disposition": "",
            "content_encoding": "",
            "content_language": "",
            "content_type": "image/png",
            "etag": "b1f08b8dbfacca75bc0d86270b29e8b0",
            "force_destroy": false,
            "id": "images/icons/models/982.png",
            "key": "images/icons/models/982.png",
            "kms_key_id": null,
            "metadata": null,
            "object_lock_legal_hold_status": "",
            "object_lock_mode": "",
            "object_lock_retain_until_date": "",
            "server_side_encryption": "",
            "source": "../files/images/icons/models/982.png",
            "source_hash": null,
            "storage_class": "STANDARD",
            "tags": null,
            "tags_all": {},
            "version_id": "",
            "website_redirect": ""
          },
          "sensitive_attributes": [],
          "private": "bnVsbA==",
          "dependencies": [
            "aws_s3_bucket.b"
          ]
        },
        {
          "index_key": "images/icons/models/d257479c-cbe0-4443-a8bd-c90443474727.png",
          "schema_version": 0,
          "attributes": {
            "acl": "public-read",
            "bucket": "r2static",
            "bucket_key_enabled": false,
            "cache_control": "",
            "content": null,
            "content_base64": null,
            "content_disposition": "",
            "content_encoding": "",
            "content_language": "",
            "content_type": "image/png",
            "etag": "0571f5b3b2ea6ce3ac5eeca45b7aada9",
            "force_destroy": false,
            "id": "images/icons/models/d257479c-cbe0-4443-a8bd-c90443474727.png",
            "key": "images/icons/models/d257479c-cbe0-4443-a8bd-c90443474727.png",
            "kms_key_id": null,
            "metadata": null,
            "object_lock_legal_hold_status": "",
            "object_lock_mode": "",
            "object_lock_retain_until_date": "",
            "server_side_encryption": "",
            "source": "../files/images/icons/models/d257479c-cbe0-4443-a8bd-c90443474727.png",
            "source_hash": null,
            "storage_class": "STANDARD",
            "tags": null,
            "tags_all": {},
            "version_id": "",
            "website_redirect": ""
          },
          "sensitive_attributes": [],
          "private": "bnVsbA==",
          "dependencies": [
            "aws_s3_bucket.b"
          ]
        },
        {
          "index_key": "images/icons/models/e7f524b5-ddbd-4944-aa4e-f8cb12bdae18.png",
          "schema_version": 0,
          "attributes": {
            "acl": "public-read",
            "bucket": "r2static",
            "bucket_key_enabled": false,
            "cache_control": "",
            "content": null,
            "content_base64": null,
            "content_disposition": "",
            "content_encoding": "",
            "content_language": "",
            "content_type": "image/png",
            "etag": "113c7b9a69983b39839dc80f41a73690",
            "force_destroy": false,
            "id": "images/icons/models/e7f524b5-ddbd-4944-aa4e-f8cb12bdae18.png",
            "key": "images/icons/models/e7f524b5-ddbd-4944-aa4e-f8cb12bdae18.png",
            "kms_key_id": null,
            "metadata": null,
            "object_lock_legal_hold_status": "",
            "object_lock_mode": "",
            "object_lock_retain_until_date": "",
            "server_side_encryption": "",
            "source": "../files/images/icons/models/e7f524b5-ddbd-4944-aa4e-f8cb12bdae18.png",
            "source_hash": null,
            "storage_class": "STANDARD",
            "tags": null,
            "tags_all": {},
            "version_id": "",
            "website_redirect": ""
          },
          "sensitive_attributes": [],
          "private": "bnVsbA==",
          "dependencies": [
            "aws_s3_bucket.b"
          ]
        },
        {
          "index_key": "images/icons/models/no_icon.png",
          "schema_version": 0,
          "attributes": {
            "acl": "public-read",
            "bucket": "r2static",
            "bucket_key_enabled": false,
            "cache_control": "",
            "content": null,
            "content_base64": null,
            "content_disposition": "",
            "content_encoding": "",
            "content_language": "",
            "content_type": "image/png",
            "etag": "294bf9316727a83cce944279558fc797",
            "force_destroy": false,
            "id": "images/icons/models/no_icon.png",
            "key": "images/icons/models/no_icon.png",
            "kms_key_id": null,
            "metadata": null,
            "object_lock_legal_hold_status": "",
            "object_lock_mode": "",
            "object_lock_retain_until_date": "",
            "server_side_encryption": "",
            "source": "../files/images/icons/models/no_icon.png",
            "source_hash": null,
            "storage_class": "STANDARD",
            "tags": null,
            "tags_all": {},
            "version_id": "",
            "website_redirect": ""
          },
          "sensitive_attributes": [],
          "private": "bnVsbA==",
          "dependencies": [
            "aws_s3_bucket.b"
          ]
        },
        {
          "index_key": "images/undefined.png",
          "schema_version": 0,
          "attributes": {
            "acl": "public-read",
            "bucket": "r2static",
            "bucket_key_enabled": false,
            "cache_control": "",
            "content": null,
            "content_base64": null,
            "content_disposition": "",
            "content_encoding": "",
            "content_language": "",
            "content_type": "image/png",
            "etag": "6d82ef07cdb4074b133c7a522b23aae8",
            "force_destroy": false,
            "id": "images/undefined.png",
            "key": "images/undefined.png",
            "kms_key_id": null,
            "metadata": null,
            "object_lock_legal_hold_status": "",
            "object_lock_mode": "",
            "object_lock_retain_until_date": "",
            "server_side_encryption": "",
            "source": "../files/images/undefined.png",
            "source_hash": null,
            "storage_class": "STANDARD",
            "tags": null,
            "tags_all": {},
            "version_id": "",
            "website_redirect": ""
          },
          "sensitive_attributes": [],
          "private": "bnVsbA==",
          "dependencies": [
            "aws_s3_bucket.b"
          ]
        },
        {
          "index_key": "images/users/0fc7b8a0-4aec-476e-9899-ce744810a199.png",
          "schema_version": 0,
          "attributes": {
            "acl": "public-read",
            "bucket": "r2static",
            "bucket_key_enabled": false,
            "cache_control": "",
            "content": null,
            "content_base64": null,
            "content_disposition": "",
            "content_encoding": "",
            "content_language": "",
            "content_type": "image/png",
            "etag": "84cd57ece723d72cda00431f9b701f58",
            "force_destroy": false,
            "id": "images/users/0fc7b8a0-4aec-476e-9899-ce744810a199.png",
            "key": "images/users/0fc7b8a0-4aec-476e-9899-ce744810a199.png",
            "kms_key_id": null,
            "metadata": null,
            "object_lock_legal_hold_status": "",
            "object_lock_mode": "",
            "object_lock_retain_until_date": "",
            "server_side_encryption": "",
            "source": "../files/images/users/0fc7b8a0-4aec-476e-9899-ce744810a199.png",
            "source_hash": null,
            "storage_class": "STANDARD",
            "tags": null,
            "tags_all": {},
            "version_id": "",
            "website_redirect": ""
          },
          "sensitive_attributes": [],
          "private": "bnVsbA==",
          "dependencies": [
            "aws_s3_bucket.b"
          ]
        },
        {
          "index_key": "images/users/11.png",
          "schema_version": 0,
          "attributes": {
            "acl": "public-read",
            "bucket": "r2static",
            "bucket_key_enabled": false,
            "cache_control": "",
            "content": null,
            "content_base64": null,
            "content_disposition": "",
            "content_encoding": "",
            "content_language": "",
            "content_type": "image/png",
            "etag": "294bf9316727a83cce944279558fc797",
            "force_destroy": false,
            "id": "images/users/11.png",
            "key": "images/users/11.png",
            "kms_key_id": null,
            "metadata": null,
            "object_lock_legal_hold_status": "",
            "object_lock_mode": "",
            "object_lock_retain_until_date": "",
            "server_side_encryption": "",
            "source": "../files/images/users/11.png",
            "source_hash": null,
            "storage_class": "STANDARD",
            "tags": null,
            "tags_all": {},
            "version_id": "",
            "website_redirect": ""
          },
          "sensitive_attributes": [],
          "private": "bnVsbA==",
          "dependencies": [
            "aws_s3_bucket.b"
          ]
        },
        {
          "index_key": "images/users/3577cf2e-47a4-4261-bfce-7c0565320d55.png",
          "schema_version": 0,
          "attributes": {
            "acl": "public-read",
            "bucket": "r2static",
            "bucket_key_enabled": false,
            "cache_control": "",
            "content": null,
            "content_base64": null,
            "content_disposition": "",
            "content_encoding": "",
            "content_language": "",
            "content_type": "image/png",
            "etag": "9981552339111e354566362c9584ff7c",
            "force_destroy": false,
            "id": "images/users/3577cf2e-47a4-4261-bfce-7c0565320d55.png",
            "key": "images/users/3577cf2e-47a4-4261-bfce-7c0565320d55.png",
            "kms_key_id": null,
            "metadata": null,
            "object_lock_legal_hold_status": "",
            "object_lock_mode": "",
            "object_lock_retain_until_date": "",
            "server_side_encryption": "",
            "source": "../files/images/users/3577cf2e-47a4-4261-bfce-7c0565320d55.png",
            "source_hash": null,
            "storage_class": "STANDARD",
            "tags": null,
            "tags_all": {},
            "version_id": "",
            "website_redirect": ""
          },
          "sensitive_attributes": [],
          "private": "bnVsbA==",
          "dependencies": [
            "aws_s3_bucket.b"
          ]
        },
        {
          "index_key": "images/users/5060f80a-0f6a-468c-943c-b01b23bd5461.png",
          "schema_version": 0,
          "attributes": {
            "acl": "public-read",
            "bucket": "r2static",
            "bucket_key_enabled": false,
            "cache_control": "",
            "content": null,
            "content_base64": null,
            "content_disposition": "",
            "content_encoding": "",
            "content_language": "",
            "content_type": "image/png",
            "etag": "294bf9316727a83cce944279558fc797",
            "force_destroy": false,
            "id": "images/users/5060f80a-0f6a-468c-943c-b01b23bd5461.png",
            "key": "images/users/5060f80a-0f6a-468c-943c-b01b23bd5461.png",
            "kms_key_id": null,
            "metadata": null,
            "object_lock_legal_hold_status": "",
            "object_lock_mode": "",
            "object_lock_retain_until_date": "",
            "server_side_encryption": "",
            "source": "../files/images/users/5060f80a-0f6a-468c-943c-b01b23bd5461.png",
            "source_hash": null,
            "storage_class": "STANDARD",
            "tags": null,
            "tags_all": {},
            "version_id": "",
            "website_redirect": ""
          },
          "sensitive_attributes": [],
          "private": "bnVsbA==",
          "dependencies": [
            "aws_s3_bucket.b"
          ]
        },
        {
          "index_key": "images/users/5faddf49-be7a-4255-8a8c-6f32183ab985.png",
          "schema_version": 0,
          "attributes": {
            "acl": "public-read",
            "bucket": "r2static",
            "bucket_key_enabled": false,
            "cache_control": "",
            "content": null,
            "content_base64": null,
            "content_disposition": "",
            "content_encoding": "",
            "content_language": "",
            "content_type": "image/png",
            "etag": "00605c10f709befdf49c95db14c10de8",
            "force_destroy": false,
            "id": "images/users/5faddf49-be7a-4255-8a8c-6f32183ab985.png",
            "key": "images/users/5faddf49-be7a-4255-8a8c-6f32183ab985.png",
            "kms_key_id": null,
            "metadata": null,
            "object_lock_legal_hold_status": "",
            "object_lock_mode": "",
            "object_lock_retain_until_date": "",
            "server_side_encryption": "",
            "source": "../files/images/users/5faddf49-be7a-4255-8a8c-6f32183ab985.png",
            "source_hash": null,
            "storage_class": "STANDARD",
            "tags": null,
            "tags_all": {},
            "version_id": "",
            "website_redirect": ""
          },
          "sensitive_attributes": [],
          "private": "bnVsbA==",
          "dependencies": [
            "aws_s3_bucket.b"
          ]
        },
        {
          "index_key": "images/users/c58e54b7-3340-4f4f-9351-67a57246ee65.png",
          "schema_version": 0,
          "attributes": {
            "acl": "public-read",
            "bucket": "r2static",
            "bucket_key_enabled": false,
            "cache_control": "",
            "content": null,
            "content_base64": null,
            "content_disposition": "",
            "content_encoding": "",
            "content_language": "",
            "content_type": "image/png",
            "etag": "9981552339111e354566362c9584ff7c",
            "force_destroy": false,
            "id": "images/users/c58e54b7-3340-4f4f-9351-67a57246ee65.png",
            "key": "images/users/c58e54b7-3340-4f4f-9351-67a57246ee65.png",
            "kms_key_id": null,
            "metadata": null,
            "object_lock_legal_hold_status": "",
            "object_lock_mode": "",
            "object_lock_retain_until_date": "",
            "server_side_encryption": "",
            "source": "../files/images/users/c58e54b7-3340-4f4f-9351-67a57246ee65.png",
            "source_hash": null,
            "storage_class": "STANDARD",
            "tags": null,
            "tags_all": {},
            "version_id": "",
            "website_redirect": ""
          },
          "sensitive_attributes": [],
          "private": "bnVsbA==",
          "dependencies": [
            "aws_s3_bucket.b"
          ]
        },
        {
          "index_key": "images/users/no_icon.png",
          "schema_version": 0,
          "attributes": {
            "acl": "public-read",
            "bucket": "r2static",
            "bucket_key_enabled": false,
            "cache_control": "",
            "content": null,
            "content_base64": null,
            "content_disposition": "",
            "content_encoding": "",
            "content_language": "",
            "content_type": "image/png",
            "etag": "294bf9316727a83cce944279558fc797",
            "force_destroy": false,
            "id": "images/users/no_icon.png",
            "key": "images/users/no_icon.png",
            "kms_key_id": null,
            "metadata": null,
            "object_lock_legal_hold_status": "",
            "object_lock_mode": "",
            "object_lock_retain_until_date": "",
            "server_side_encryption": "",
            "source": "../files/images/users/no_icon.png",
            "source_hash": null,
            "storage_class": "STANDARD",
            "tags": null,
            "tags_all": {},
            "version_id": "",
            "website_redirect": ""
          },
          "sensitive_attributes": [],
          "private": "bnVsbA==",
          "dependencies": [
            "aws_s3_bucket.b"
          ]
        },
        {
          "index_key": "widgets/743/751.png",
          "schema_version": 0,
          "attributes": {
            "acl": "public-read",
            "bucket": "r2static",
            "bucket_key_enabled": false,
            "cache_control": "",
            "content": null,
            "content_base64": null,
            "content_disposition": "",
            "content_encoding": "",
            "content_language": "",
            "content_type": "image/png",
            "etag": "6d82ef07cdb4074b133c7a522b23aae8",
            "force_destroy": false,
            "id": "widgets/743/751.png",
            "key": "widgets/743/751.png",
            "kms_key_id": null,
            "metadata": null,
            "object_lock_legal_hold_status": "",
            "object_lock_mode": "",
            "object_lock_retain_until_date": "",
            "server_side_encryption": "",
            "source": "../files/widgets/743/751.png",
            "source_hash": null,
            "storage_class": "STANDARD",
            "tags": null,
            "tags_all": {},
            "version_id": "",
            "website_redirect": ""
          },
          "sensitive_attributes": [],
          "private": "bnVsbA==",
          "dependencies": [
            "aws_s3_bucket.b"
          ]
        },
        {
          "index_key": "widgets/743/html2canvas.min.js",
          "schema_version": 0,
          "attributes": {
            "acl": "public-read",
            "bucket": "r2static",
            "bucket_key_enabled": false,
            "cache_control": "",
            "content": null,
            "content_base64": null,
            "content_disposition": "",
            "content_encoding": "",
            "content_language": "",
            "content_type": "application/javascript",
            "etag": "43ece1e8cfdfa8b27c6e99ae094c6fc3",
            "force_destroy": false,
            "id": "widgets/743/html2canvas.min.js",
            "key": "widgets/743/html2canvas.min.js",
            "kms_key_id": null,
            "metadata": null,
            "object_lock_legal_hold_status": "",
            "object_lock_mode": "",
            "object_lock_retain_until_date": "",
            "server_side_encryption": "",
            "source": "../files/widgets/743/html2canvas.min.js",
            "source_hash": null,
            "storage_class": "STANDARD",
            "tags": null,
            "tags_all": {},
            "version_id": "",
            "website_redirect": ""
          },
          "sensitive_attributes": [],
          "private": "bnVsbA==",
          "dependencies": [
            "aws_s3_bucket.b"
          ]
        },
        {
          "index_key": "widgets/743/index.html",
          "schema_version": 0,
          "attributes": {
            "acl": "public-read",
            "bucket": "r2static",
            "bucket_key_enabled": false,
            "cache_control": "",
            "content": null,
            "content_base64": null,
            "content_disposition": "",
            "content_encoding": "",
            "content_language": "",
            "content_type": "text/html",
            "etag": "c2978d240803d2a22bc3db14a10e9a97",
            "force_destroy": false,
            "id": "widgets/743/index.html",
            "key": "widgets/743/index.html",
            "kms_key_id": null,
            "metadata": null,
            "object_lock_legal_hold_status": "",
            "object_lock_mode": "",
            "object_lock_retain_until_date": "",
            "server_side_encryption": "",
            "source": "../files/widgets/743/index.html",
            "source_hash": null,
            "storage_class": "STANDARD",
            "tags": null,
            "tags_all": {},
            "version_id": "",
            "website_redirect": ""
          },
          "sensitive_attributes": [],
          "private": "bnVsbA==",
          "dependencies": [
            "aws_s3_bucket.b"
          ]
        },
        {
          "index_key": "widgets/772/chart.js",
          "schema_version": 0,
          "attributes": {
            "acl": "public-read",
            "bucket": "r2static",
            "bucket_key_enabled": false,
            "cache_control": "",
            "content": null,
            "content_base64": null,
            "content_disposition": "",
            "content_encoding": "",
            "content_language": "",
            "content_type": "application/javascript",
            "etag": "da6813751d7c3a7119d664421dbf1afe",
            "force_destroy": false,
            "id": "widgets/772/chart.js",
            "key": "widgets/772/chart.js",
            "kms_key_id": null,
            "metadata": null,
            "object_lock_legal_hold_status": "",
            "object_lock_mode": "",
            "object_lock_retain_until_date": "",
            "server_side_encryption": "",
            "source": "../files/widgets/772/chart.js",
            "source_hash": null,
            "storage_class": "STANDARD",
            "tags": null,
            "tags_all": {},
            "version_id": "",
            "website_redirect": ""
          },
          "sensitive_attributes": [],
          "private": "bnVsbA==",
          "dependencies": [
            "aws_s3_bucket.b"
          ]
        },
        {
          "index_key": "widgets/772/html2canvas.min.js",
          "schema_version": 0,
          "attributes": {
            "acl": "public-read",
            "bucket": "r2static",
            "bucket_key_enabled": false,
            "cache_control": "",
            "content": null,
            "content_base64": null,
            "content_disposition": "",
            "content_encoding": "",
            "content_language": "",
            "content_type": "application/javascript",
            "etag": "43ece1e8cfdfa8b27c6e99ae094c6fc3",
            "force_destroy": false,
            "id": "widgets/772/html2canvas.min.js",
            "key": "widgets/772/html2canvas.min.js",
            "kms_key_id": null,
            "metadata": null,
            "object_lock_legal_hold_status": "",
            "object_lock_mode": "",
            "object_lock_retain_until_date": "",
            "server_side_encryption": "",
            "source": "../files/widgets/772/html2canvas.min.js",
            "source_hash": null,
            "storage_class": "STANDARD",
            "tags": null,
            "tags_all": {},
            "version_id": "",
            "website_redirect": ""
          },
          "sensitive_attributes": [],
          "private": "bnVsbA==",
          "dependencies": [
            "aws_s3_bucket.b"
          ]
        },
        {
          "index_key": "widgets/772/index.html",
          "schema_version": 0,
          "attributes": {
            "acl": "public-read",
            "bucket": "r2static",
            "bucket_key_enabled": false,
            "cache_control": "",
            "content": null,
            "content_base64": null,
            "content_disposition": "",
            "content_encoding": "",
            "content_language": "",
            "content_type": "text/html",
            "etag": "2143c0095f706bc5fff952038f7fa769",
            "force_destroy": false,
            "id": "widgets/772/index.html",
            "key": "widgets/772/index.html",
            "kms_key_id": null,
            "metadata": null,
            "object_lock_legal_hold_status": "",
            "object_lock_mode": "",
            "object_lock_retain_until_date": "",
            "server_side_encryption": "",
            "source": "../files/widgets/772/index.html",
            "source_hash": null,
            "storage_class": "STANDARD",
            "tags": null,
            "tags_all": {},
            "version_id": "",
            "website_redirect": ""
          },
          "sensitive_attributes": [],
          "private": "bnVsbA==",
          "dependencies": [
            "aws_s3_bucket.b"
          ]
        },
        {
          "index_key": "widgets/773/chart.js",
          "schema_version": 0,
          "attributes": {
            "acl": "public-read",
            "bucket": "r2static",
            "bucket_key_enabled": false,
            "cache_control": "",
            "content": null,
            "content_base64": null,
            "content_disposition": "",
            "content_encoding": "",
            "content_language": "",
            "content_type": "application/javascript",
            "etag": "da6813751d7c3a7119d664421dbf1afe",
            "force_destroy": false,
            "id": "widgets/773/chart.js",
            "key": "widgets/773/chart.js",
            "kms_key_id": null,
            "metadata": null,
            "object_lock_legal_hold_status": "",
            "object_lock_mode": "",
            "object_lock_retain_until_date": "",
            "server_side_encryption": "",
            "source": "../files/widgets/773/chart.js",
            "source_hash": null,
            "storage_class": "STANDARD",
            "tags": null,
            "tags_all": {},
            "version_id": "",
            "website_redirect": ""
          },
          "sensitive_attributes": [],
          "private": "bnVsbA==",
          "dependencies": [
            "aws_s3_bucket.b"
          ]
        },
        {
          "index_key": "widgets/773/html2canvas.min.js",
          "schema_version": 0,
          "attributes": {
            "acl": "public-read",
            "bucket": "r2static",
            "bucket_key_enabled": false,
            "cache_control": "",
            "content": null,
            "content_base64": null,
            "content_disposition": "",
            "content_encoding": "",
            "content_language": "",
            "content_type": "application/javascript",
            "etag": "43ece1e8cfdfa8b27c6e99ae094c6fc3",
            "force_destroy": false,
            "id": "widgets/773/html2canvas.min.js",
            "key": "widgets/773/html2canvas.min.js",
            "kms_key_id": null,
            "metadata": null,
            "object_lock_legal_hold_status": "",
            "object_lock_mode": "",
            "object_lock_retain_until_date": "",
            "server_side_encryption": "",
            "source": "../files/widgets/773/html2canvas.min.js",
            "source_hash": null,
            "storage_class": "STANDARD",
            "tags": null,
            "tags_all": {},
            "version_id": "",
            "website_redirect": ""
          },
          "sensitive_attributes": [],
          "private": "bnVsbA==",
          "dependencies": [
            "aws_s3_bucket.b"
          ]
        },
        {
          "index_key": "widgets/773/index.html",
          "schema_version": 0,
          "attributes": {
            "acl": "public-read",
            "bucket": "r2static",
            "bucket_key_enabled": false,
            "cache_control": "",
            "content": null,
            "content_base64": null,
            "content_disposition": "",
            "content_encoding": "",
            "content_language": "",
            "content_type": "text/html",
            "etag": "e6e619cc0bcb742b1333d4d002d3871d",
            "force_destroy": false,
            "id": "widgets/773/index.html",
            "key": "widgets/773/index.html",
            "kms_key_id": null,
            "metadata": null,
            "object_lock_legal_hold_status": "",
            "object_lock_mode": "",
            "object_lock_retain_until_date": "",
            "server_side_encryption": "",
            "source": "../files/widgets/773/index.html",
            "source_hash": null,
            "storage_class": "STANDARD",
            "tags": null,
            "tags_all": {},
            "version_id": "",
            "website_redirect": ""
          },
          "sensitive_attributes": [],
          "private": "bnVsbA==",
          "dependencies": [
            "aws_s3_bucket.b"
          ]
        },
        {
          "index_key": "widgets/784/751.png",
          "schema_version": 0,
          "attributes": {
            "acl": "public-read",
            "bucket": "r2static",
            "bucket_key_enabled": false,
            "cache_control": "",
            "content": null,
            "content_base64": null,
            "content_disposition": "",
            "content_encoding": "",
            "content_language": "",
            "content_type": "image/png",
            "etag": "6d82ef07cdb4074b133c7a522b23aae8",
            "force_destroy": false,
            "id": "widgets/784/751.png",
            "key": "widgets/784/751.png",
            "kms_key_id": null,
            "metadata": null,
            "object_lock_legal_hold_status": "",
            "object_lock_mode": "",
            "object_lock_retain_until_date": "",
            "server_side_encryption": "",
            "source": "../files/widgets/784/751.png",
            "source_hash": null,
            "storage_class": "STANDARD",
            "tags": null,
            "tags_all": {},
            "version_id": "",
            "website_redirect": ""
          },
          "sensitive_attributes": [],
          "private": "bnVsbA==",
          "dependencies": [
            "aws_s3_bucket.b"
          ]
        },
        {
          "index_key": "widgets/784/index.html",
          "schema_version": 0,
          "attributes": {
            "acl": "public-read",
            "bucket": "r2static",
            "bucket_key_enabled": false,
            "cache_control": "",
            "content": null,
            "content_base64": null,
            "content_disposition": "",
            "content_encoding": "",
            "content_language": "",
            "content_type": "text/html",
            "etag": "fce65314d294297c7db3c06dc1054149",
            "force_destroy": false,
            "id": "widgets/784/index.html",
            "key": "widgets/784/index.html",
            "kms_key_id": null,
            "metadata": null,
            "object_lock_legal_hold_status": "",
            "object_lock_mode": "",
            "object_lock_retain_until_date": "",
            "server_side_encryption": "",
            "source": "../files/widgets/784/index.html",
            "source_hash": null,
            "storage_class": "STANDARD",
            "tags": null,
            "tags_all": {},
            "version_id": "",
            "website_redirect": ""
          },
          "sensitive_attributes": [],
          "private": "bnVsbA==",
          "dependencies": [
            "aws_s3_bucket.b"
          ]
        },
        {
          "index_key": "widgets/786/html2canvas.min.js",
          "schema_version": 0,
          "attributes": {
            "acl": "public-read",
            "bucket": "r2static",
            "bucket_key_enabled": false,
            "cache_control": "",
            "content": null,
            "content_base64": null,
            "content_disposition": "",
            "content_encoding": "",
            "content_language": "",
            "content_type": "application/javascript",
            "etag": "43ece1e8cfdfa8b27c6e99ae094c6fc3",
            "force_destroy": false,
            "id": "widgets/786/html2canvas.min.js",
            "key": "widgets/786/html2canvas.min.js",
            "kms_key_id": null,
            "metadata": null,
            "object_lock_legal_hold_status": "",
            "object_lock_mode": "",
            "object_lock_retain_until_date": "",
            "server_side_encryption": "",
            "source": "../files/widgets/786/html2canvas.min.js",
            "source_hash": null,
            "storage_class": "STANDARD",
            "tags": null,
            "tags_all": {},
            "version_id": "",
            "website_redirect": ""
          },
          "sensitive_attributes": [],
          "private": "bnVsbA==",
          "dependencies": [
            "aws_s3_bucket.b"
          ]
        },
        {
          "index_key": "widgets/786/index.html",
          "schema_version": 0,
          "attributes": {
            "acl": "public-read",
            "bucket": "r2static",
            "bucket_key_enabled": false,
            "cache_control": "",
            "content": null,
            "content_base64": null,
            "content_disposition": "",
            "content_encoding": "",
            "content_language": "",
            "content_type": "text/html",
            "etag": "29bfeb99e67b72a48af4e445fd4820f2",
            "force_destroy": false,
            "id": "widgets/786/index.html",
            "key": "widgets/786/index.html",
            "kms_key_id": null,
            "metadata": null,
            "object_lock_legal_hold_status": "",
            "object_lock_mode": "",
            "object_lock_retain_until_date": "",
            "server_side_encryption": "",
            "source": "../files/widgets/786/index.html",
            "source_hash": null,
            "storage_class": "STANDARD",
            "tags": null,
            "tags_all": {},
            "version_id": "",
            "website_redirect": ""
          },
          "sensitive_attributes": [],
          "private": "bnVsbA==",
          "dependencies": [
            "aws_s3_bucket.b"
          ]
        },
        {
          "index_key": "widgets/dummy_index.html",
          "schema_version": 0,
          "attributes": {
            "acl": "public-read",
            "bucket": "r2static",
            "bucket_key_enabled": false,
            "cache_control": "",
            "content": null,
            "content_base64": null,
            "content_disposition": "",
            "content_encoding": "",
            "content_language": "",
            "content_type": "text/html",
            "etag": "ecaa88f7fa0bf610a5a26cf545dcd3aa",
            "force_destroy": false,
            "id": "widgets/dummy_index.html",
            "key": "widgets/dummy_index.html",
            "kms_key_id": null,
            "metadata": null,
            "object_lock_legal_hold_status": "",
            "object_lock_mode": "",
            "object_lock_retain_until_date": "",
            "server_side_encryption": "",
            "source": "../files/widgets/dummy_index.html",
            "source_hash": null,
            "storage_class": "STANDARD",
            "tags": null,
            "tags_all": {},
            "version_id": "",
            "website_redirect": ""
          },
          "sensitive_attributes": [],
          "private": "bnVsbA==",
          "dependencies": [
            "aws_s3_bucket.b"
          ]
        }
      ]
    }
  ],
  "check_results": null
}
